// !$*UTF8*$!
{
	archiveVersion = 1;
	classes = {
	};
	objectVersion = 48;
	objects = {

/* Begin PBXBuildFile section */
		D458F8B02024160500D2BB6A /* AppDelegate.swift in Sources */ = {isa = PBXBuildFile; fileRef = D458F8AF2024160500D2BB6A /* AppDelegate.swift */; };
		D458F8B22024160500D2BB6A /* GameScene.sks in Resources */ = {isa = PBXBuildFile; fileRef = D458F8B12024160500D2BB6A /* GameScene.sks */; };
		D458F8B42024160500D2BB6A /* Actions.sks in Resources */ = {isa = PBXBuildFile; fileRef = D458F8B32024160500D2BB6A /* Actions.sks */; };
		D458F8B62024160500D2BB6A /* GameScene.swift in Sources */ = {isa = PBXBuildFile; fileRef = D458F8B52024160500D2BB6A /* GameScene.swift */; };
		D458F8B82024160500D2BB6A /* ViewController.swift in Sources */ = {isa = PBXBuildFile; fileRef = D458F8B72024160500D2BB6A /* ViewController.swift */; };
		D458F8BA2024160500D2BB6A /* Assets.xcassets in Resources */ = {isa = PBXBuildFile; fileRef = D458F8B92024160500D2BB6A /* Assets.xcassets */; };
		D458F8BD2024160500D2BB6A /* Main.storyboard in Resources */ = {isa = PBXBuildFile; fileRef = D458F8BB2024160500D2BB6A /* Main.storyboard */; };
		D458F8C92024160500D2BB6A /* ExperimentTests.swift in Sources */ = {isa = PBXBuildFile; fileRef = D458F8C82024160500D2BB6A /* ExperimentTests.swift */; };
		D458F8D42024160500D2BB6A /* ExperimentUITests.swift in Sources */ = {isa = PBXBuildFile; fileRef = D458F8D32024160500D2BB6A /* ExperimentUITests.swift */; };
/* End PBXBuildFile section */

/* Begin PBXContainerItemProxy section */
		D458F8C52024160500D2BB6A /* PBXContainerItemProxy */ = {
			isa = PBXContainerItemProxy;
			containerPortal = D458F8A42024160500D2BB6A /* Project object */;
			proxyType = 1;
			remoteGlobalIDString = D458F8AB2024160500D2BB6A;
			remoteInfo = Experiment;
		};
		D458F8D02024160500D2BB6A /* PBXContainerItemProxy */ = {
			isa = PBXContainerItemProxy;
			containerPortal = D458F8A42024160500D2BB6A /* Project object */;
			proxyType = 1;
			remoteGlobalIDString = D458F8AB2024160500D2BB6A;
			remoteInfo = Experiment;
		};
/* End PBXContainerItemProxy section */

/* Begin PBXFileReference section */
		D458F8AC2024160500D2BB6A /* Experiment.app */ = {isa = PBXFileReference; explicitFileType = wrapper.application; includeInIndex = 0; path = Experiment.app; sourceTree = BUILT_PRODUCTS_DIR; };
		D458F8AF2024160500D2BB6A /* AppDelegate.swift */ = {isa = PBXFileReference; lastKnownFileType = sourcecode.swift; path = AppDelegate.swift; sourceTree = "<group>"; };
		D458F8B12024160500D2BB6A /* GameScene.sks */ = {isa = PBXFileReference; lastKnownFileType = file.sks; path = GameScene.sks; sourceTree = "<group>"; };
		D458F8B32024160500D2BB6A /* Actions.sks */ = {isa = PBXFileReference; lastKnownFileType = file.sks; path = Actions.sks; sourceTree = "<group>"; };
		D458F8B52024160500D2BB6A /* GameScene.swift */ = {isa = PBXFileReference; lastKnownFileType = sourcecode.swift; path = GameScene.swift; sourceTree = "<group>"; };
		D458F8B72024160500D2BB6A /* ViewController.swift */ = {isa = PBXFileReference; lastKnownFileType = sourcecode.swift; path = ViewController.swift; sourceTree = "<group>"; };
		D458F8B92024160500D2BB6A /* Assets.xcassets */ = {isa = PBXFileReference; lastKnownFileType = folder.assetcatalog; path = Assets.xcassets; sourceTree = "<group>"; };
		D458F8BC2024160500D2BB6A /* Base */ = {isa = PBXFileReference; lastKnownFileType = file.storyboard; name = Base; path = Base.lproj/Main.storyboard; sourceTree = "<group>"; };
		D458F8BE2024160500D2BB6A /* Info.plist */ = {isa = PBXFileReference; lastKnownFileType = text.plist.xml; path = Info.plist; sourceTree = "<group>"; };
		D458F8BF2024160500D2BB6A /* Experiment.entitlements */ = {isa = PBXFileReference; lastKnownFileType = text.plist.entitlements; path = Experiment.entitlements; sourceTree = "<group>"; };
		D458F8C42024160500D2BB6A /* ExperimentTests.xctest */ = {isa = PBXFileReference; explicitFileType = wrapper.cfbundle; includeInIndex = 0; path = ExperimentTests.xctest; sourceTree = BUILT_PRODUCTS_DIR; };
		D458F8C82024160500D2BB6A /* ExperimentTests.swift */ = {isa = PBXFileReference; lastKnownFileType = sourcecode.swift; path = ExperimentTests.swift; sourceTree = "<group>"; };
		D458F8CA2024160500D2BB6A /* Info.plist */ = {isa = PBXFileReference; lastKnownFileType = text.plist.xml; path = Info.plist; sourceTree = "<group>"; };
		D458F8CF2024160500D2BB6A /* ExperimentUITests.xctest */ = {isa = PBXFileReference; explicitFileType = wrapper.cfbundle; includeInIndex = 0; path = ExperimentUITests.xctest; sourceTree = BUILT_PRODUCTS_DIR; };
		D458F8D32024160500D2BB6A /* ExperimentUITests.swift */ = {isa = PBXFileReference; lastKnownFileType = sourcecode.swift; path = ExperimentUITests.swift; sourceTree = "<group>"; };
		D458F8D52024160500D2BB6A /* Info.plist */ = {isa = PBXFileReference; lastKnownFileType = text.plist.xml; path = Info.plist; sourceTree = "<group>"; };
/* End PBXFileReference section */

/* Begin PBXFrameworksBuildPhase section */
		D458F8A92024160500D2BB6A /* Frameworks */ = {
			isa = PBXFrameworksBuildPhase;
			buildActionMask = 2147483647;
			files = (
			);
			runOnlyForDeploymentPostprocessing = 0;
		};
		D458F8C12024160500D2BB6A /* Frameworks */ = {
			isa = PBXFrameworksBuildPhase;
			buildActionMask = 2147483647;
			files = (
			);
			runOnlyForDeploymentPostprocessing = 0;
		};
		D458F8CC2024160500D2BB6A /* Frameworks */ = {
			isa = PBXFrameworksBuildPhase;
			buildActionMask = 2147483647;
			files = (
			);
			runOnlyForDeploymentPostprocessing = 0;
		};
/* End PBXFrameworksBuildPhase section */

/* Begin PBXGroup section */
		D458F8A32024160500D2BB6A = {
			isa = PBXGroup;
			children = (
				D458F8AE2024160500D2BB6A /* Experiment */,
				D458F8C72024160500D2BB6A /* ExperimentTests */,
				D458F8D22024160500D2BB6A /* ExperimentUITests */,
				D458F8AD2024160500D2BB6A /* Products */,
			);
			sourceTree = "<group>";
		};
		D458F8AD2024160500D2BB6A /* Products */ = {
			isa = PBXGroup;
			children = (
				D458F8AC2024160500D2BB6A /* Experiment.app */,
				D458F8C42024160500D2BB6A /* ExperimentTests.xctest */,
				D458F8CF2024160500D2BB6A /* ExperimentUITests.xctest */,
			);
			name = Products;
			sourceTree = "<group>";
		};
		D458F8AE2024160500D2BB6A /* Experiment */ = {
			isa = PBXGroup;
			children = (
				D458F8AF2024160500D2BB6A /* AppDelegate.swift */,
				D458F8B12024160500D2BB6A /* GameScene.sks */,
				D458F8B32024160500D2BB6A /* Actions.sks */,
				D458F8B52024160500D2BB6A /* GameScene.swift */,
				D458F8B72024160500D2BB6A /* ViewController.swift */,
				D458F8B92024160500D2BB6A /* Assets.xcassets */,
				D458F8BB2024160500D2BB6A /* Main.storyboard */,
				D458F8BE2024160500D2BB6A /* Info.plist */,
				D458F8BF2024160500D2BB6A /* Experiment.entitlements */,
			);
			path = Experiment;
			sourceTree = "<group>";
		};
		D458F8C72024160500D2BB6A /* ExperimentTests */ = {
			isa = PBXGroup;
			children = (
				D458F8C82024160500D2BB6A /* ExperimentTests.swift */,
				D458F8CA2024160500D2BB6A /* Info.plist */,
			);
			path = ExperimentTests;
			sourceTree = "<group>";
		};
		D458F8D22024160500D2BB6A /* ExperimentUITests */ = {
			isa = PBXGroup;
			children = (
				D458F8D32024160500D2BB6A /* ExperimentUITests.swift */,
				D458F8D52024160500D2BB6A /* Info.plist */,
			);
			path = ExperimentUITests;
			sourceTree = "<group>";
		};
/* End PBXGroup section */

/* Begin PBXNativeTarget section */
		D458F8AB2024160500D2BB6A /* Experiment */ = {
			isa = PBXNativeTarget;
			buildConfigurationList = D458F8D82024160500D2BB6A /* Build configuration list for PBXNativeTarget "Experiment" */;
			buildPhases = (
				D458F8A82024160500D2BB6A /* Sources */,
				D458F8A92024160500D2BB6A /* Frameworks */,
				D458F8AA2024160500D2BB6A /* Resources */,
			);
			buildRules = (
			);
			dependencies = (
			);
			name = Experiment;
			productName = Experiment;
			productReference = D458F8AC2024160500D2BB6A /* Experiment.app */;
			productType = "com.apple.product-type.application";
		};
		D458F8C32024160500D2BB6A /* ExperimentTests */ = {
			isa = PBXNativeTarget;
			buildConfigurationList = D458F8DB2024160500D2BB6A /* Build configuration list for PBXNativeTarget "ExperimentTests" */;
			buildPhases = (
				D458F8C02024160500D2BB6A /* Sources */,
				D458F8C12024160500D2BB6A /* Frameworks */,
				D458F8C22024160500D2BB6A /* Resources */,
			);
			buildRules = (
			);
			dependencies = (
				D458F8C62024160500D2BB6A /* PBXTargetDependency */,
			);
			name = ExperimentTests;
			productName = ExperimentTests;
			productReference = D458F8C42024160500D2BB6A /* ExperimentTests.xctest */;
			productType = "com.apple.product-type.bundle.unit-test";
		};
		D458F8CE2024160500D2BB6A /* ExperimentUITests */ = {
			isa = PBXNativeTarget;
			buildConfigurationList = D458F8DE2024160500D2BB6A /* Build configuration list for PBXNativeTarget "ExperimentUITests" */;
			buildPhases = (
				D458F8CB2024160500D2BB6A /* Sources */,
				D458F8CC2024160500D2BB6A /* Frameworks */,
				D458F8CD2024160500D2BB6A /* Resources */,
			);
			buildRules = (
			);
			dependencies = (
				D458F8D12024160500D2BB6A /* PBXTargetDependency */,
			);
			name = ExperimentUITests;
			productName = ExperimentUITests;
			productReference = D458F8CF2024160500D2BB6A /* ExperimentUITests.xctest */;
			productType = "com.apple.product-type.bundle.ui-testing";
		};
/* End PBXNativeTarget section */

/* Begin PBXProject section */
		D458F8A42024160500D2BB6A /* Project object */ = {
			isa = PBXProject;
			attributes = {
				LastSwiftUpdateCheck = 0920;
				LastUpgradeCheck = 0920;
				ORGANIZATIONNAME = "Digital New Zealand";
				TargetAttributes = {
					D458F8AB2024160500D2BB6A = {
						CreatedOnToolsVersion = 9.2;
						ProvisioningStyle = Automatic;
					};
					D458F8C32024160500D2BB6A = {
						CreatedOnToolsVersion = 9.2;
						ProvisioningStyle = Automatic;
						TestTargetID = D458F8AB2024160500D2BB6A;
					};
					D458F8CE2024160500D2BB6A = {
						CreatedOnToolsVersion = 9.2;
						ProvisioningStyle = Automatic;
						TestTargetID = D458F8AB2024160500D2BB6A;
					};
				};
			};
			buildConfigurationList = D458F8A72024160500D2BB6A /* Build configuration list for PBXProject "Experiment" */;
			compatibilityVersion = "Xcode 8.0";
			developmentRegion = en;
			hasScannedForEncodings = 0;
			knownRegions = (
				en,
				Base,
			);
			mainGroup = D458F8A32024160500D2BB6A;
			productRefGroup = D458F8AD2024160500D2BB6A /* Products */;
			projectDirPath = "";
			projectRoot = "";
			targets = (
				D458F8AB2024160500D2BB6A /* Experiment */,
				D458F8C32024160500D2BB6A /* ExperimentTests */,
				D458F8CE2024160500D2BB6A /* ExperimentUITests */,
			);
		};
/* End PBXProject section */

/* Begin PBXResourcesBuildPhase section */
		D458F8AA2024160500D2BB6A /* Resources */ = {
			isa = PBXResourcesBuildPhase;
			buildActionMask = 2147483647;
			files = (
				D458F8B22024160500D2BB6A /* GameScene.sks in Resources */,
				D458F8BA2024160500D2BB6A /* Assets.xcassets in Resources */,
				D458F8B42024160500D2BB6A /* Actions.sks in Resources */,
				D458F8BD2024160500D2BB6A /* Main.storyboard in Resources */,
			);
			runOnlyForDeploymentPostprocessing = 0;
		};
		D458F8C22024160500D2BB6A /* Resources */ = {
			isa = PBXResourcesBuildPhase;
			buildActionMask = 2147483647;
			files = (
			);
			runOnlyForDeploymentPostprocessing = 0;
		};
		D458F8CD2024160500D2BB6A /* Resources */ = {
			isa = PBXResourcesBuildPhase;
			buildActionMask = 2147483647;
			files = (
			);
			runOnlyForDeploymentPostprocessing = 0;
		};
/* End PBXResourcesBuildPhase section */

/* Begin PBXSourcesBuildPhase section */
		D458F8A82024160500D2BB6A /* Sources */ = {
			isa = PBXSourcesBuildPhase;
			buildActionMask = 2147483647;
			files = (
				D458F8B82024160500D2BB6A /* ViewController.swift in Sources */,
				D458F8B62024160500D2BB6A /* GameScene.swift in Sources */,
				D458F8B02024160500D2BB6A /* AppDelegate.swift in Sources */,
			);
			runOnlyForDeploymentPostprocessing = 0;
		};
		D458F8C02024160500D2BB6A /* Sources */ = {
			isa = PBXSourcesBuildPhase;
			buildActionMask = 2147483647;
			files = (
				D458F8C92024160500D2BB6A /* ExperimentTests.swift in Sources */,
			);
			runOnlyForDeploymentPostprocessing = 0;
		};
		D458F8CB2024160500D2BB6A /* Sources */ = {
			isa = PBXSourcesBuildPhase;
			buildActionMask = 2147483647;
			files = (
				D458F8D42024160500D2BB6A /* ExperimentUITests.swift in Sources */,
			);
			runOnlyForDeploymentPostprocessing = 0;
		};
/* End PBXSourcesBuildPhase section */

/* Begin PBXTargetDependency section */
		D458F8C62024160500D2BB6A /* PBXTargetDependency */ = {
			isa = PBXTargetDependency;
			target = D458F8AB2024160500D2BB6A /* Experiment */;
			targetProxy = D458F8C52024160500D2BB6A /* PBXContainerItemProxy */;
		};
		D458F8D12024160500D2BB6A /* PBXTargetDependency */ = {
			isa = PBXTargetDependency;
			target = D458F8AB2024160500D2BB6A /* Experiment */;
			targetProxy = D458F8D02024160500D2BB6A /* PBXContainerItemProxy */;
		};
/* End PBXTargetDependency section */

/* Begin PBXVariantGroup section */
		D458F8BB2024160500D2BB6A /* Main.storyboard */ = {
			isa = PBXVariantGroup;
			children = (
				D458F8BC2024160500D2BB6A /* Base */,
			);
			name = Main.storyboard;
			sourceTree = "<group>";
		};
/* End PBXVariantGroup section */

/* Begin XCBuildConfiguration section */
		D458F8D62024160500D2BB6A /* Debug */ = {
			isa = XCBuildConfiguration;
			buildSettings = {
				ALWAYS_SEARCH_USER_PATHS = NO;
				CLANG_ANALYZER_NONNULL = YES;
				CLANG_ANALYZER_NUMBER_OBJECT_CONVERSION = YES_AGGRESSIVE;
				CLANG_CXX_LANGUAGE_STANDARD = "gnu++14";
				CLANG_CXX_LIBRARY = "libc++";
				CLANG_ENABLE_MODULES = YES;
				CLANG_ENABLE_OBJC_ARC = YES;
				CLANG_WARN_BLOCK_CAPTURE_AUTORELEASING = YES;
				CLANG_WARN_BOOL_CONVERSION = YES;
				CLANG_WARN_COMMA = YES;
				CLANG_WARN_CONSTANT_CONVERSION = YES;
				CLANG_WARN_DIRECT_OBJC_ISA_USAGE = YES_ERROR;
				CLANG_WARN_DOCUMENTATION_COMMENTS = YES;
				CLANG_WARN_EMPTY_BODY = YES;
				CLANG_WARN_ENUM_CONVERSION = YES;
				CLANG_WARN_INFINITE_RECURSION = YES;
				CLANG_WARN_INT_CONVERSION = YES;
				CLANG_WARN_NON_LITERAL_NULL_CONVERSION = YES;
				CLANG_WARN_OBJC_LITERAL_CONVERSION = YES;
				CLANG_WARN_OBJC_ROOT_CLASS = YES_ERROR;
				CLANG_WARN_RANGE_LOOP_ANALYSIS = YES;
				CLANG_WARN_STRICT_PROTOTYPES = YES;
				CLANG_WARN_SUSPICIOUS_MOVE = YES;
				CLANG_WARN_UNGUARDED_AVAILABILITY = YES_AGGRESSIVE;
				CLANG_WARN_UNREACHABLE_CODE = YES;
				CLANG_WARN__DUPLICATE_METHOD_MATCH = YES;
				CODE_SIGN_IDENTITY = "-";
				COPY_PHASE_STRIP = NO;
				DEBUG_INFORMATION_FORMAT = dwarf;
				ENABLE_STRICT_OBJC_MSGSEND = YES;
				ENABLE_TESTABILITY = YES;
				GCC_C_LANGUAGE_STANDARD = gnu11;
				GCC_DYNAMIC_NO_PIC = NO;
				GCC_NO_COMMON_BLOCKS = YES;
				GCC_OPTIMIZATION_LEVEL = 0;
				GCC_PREPROCESSOR_DEFINITIONS = (
					"DEBUG=1",
					"$(inherited)",
				);
				GCC_WARN_64_TO_32_BIT_CONVERSION = YES;
				GCC_WARN_ABOUT_RETURN_TYPE = YES_ERROR;
				GCC_WARN_UNDECLARED_SELECTOR = YES;
				GCC_WARN_UNINITIALIZED_AUTOS = YES_AGGRESSIVE;
				GCC_WARN_UNUSED_FUNCTION = YES;
				GCC_WARN_UNUSED_VARIABLE = YES;
				MACOSX_DEPLOYMENT_TARGET = 10.13;
				MTL_ENABLE_DEBUG_INFO = YES;
				ONLY_ACTIVE_ARCH = YES;
				SDKROOT = macosx;
				SWIFT_ACTIVE_COMPILATION_CONDITIONS = DEBUG;
				SWIFT_OPTIMIZATION_LEVEL = "-Onone";
			};
			name = Debug;
		};
		D458F8D72024160500D2BB6A /* Release */ = {
			isa = XCBuildConfiguration;
			buildSettings = {
				ALWAYS_SEARCH_USER_PATHS = NO;
				CLANG_ANALYZER_NONNULL = YES;
				CLANG_ANALYZER_NUMBER_OBJECT_CONVERSION = YES_AGGRESSIVE;
				CLANG_CXX_LANGUAGE_STANDARD = "gnu++14";
				CLANG_CXX_LIBRARY = "libc++";
				CLANG_ENABLE_MODULES = YES;
				CLANG_ENABLE_OBJC_ARC = YES;
				CLANG_WARN_BLOCK_CAPTURE_AUTORELEASING = YES;
				CLANG_WARN_BOOL_CONVERSION = YES;
				CLANG_WARN_COMMA = YES;
				CLANG_WARN_CONSTANT_CONVERSION = YES;
				CLANG_WARN_DIRECT_OBJC_ISA_USAGE = YES_ERROR;
				CLANG_WARN_DOCUMENTATION_COMMENTS = YES;
				CLANG_WARN_EMPTY_BODY = YES;
				CLANG_WARN_ENUM_CONVERSION = YES;
				CLANG_WARN_INFINITE_RECURSION = YES;
				CLANG_WARN_INT_CONVERSION = YES;
				CLANG_WARN_NON_LITERAL_NULL_CONVERSION = YES;
				CLANG_WARN_OBJC_LITERAL_CONVERSION = YES;
				CLANG_WARN_OBJC_ROOT_CLASS = YES_ERROR;
				CLANG_WARN_RANGE_LOOP_ANALYSIS = YES;
				CLANG_WARN_STRICT_PROTOTYPES = YES;
				CLANG_WARN_SUSPICIOUS_MOVE = YES;
				CLANG_WARN_UNGUARDED_AVAILABILITY = YES_AGGRESSIVE;
				CLANG_WARN_UNREACHABLE_CODE = YES;
				CLANG_WARN__DUPLICATE_METHOD_MATCH = YES;
				CODE_SIGN_IDENTITY = "-";
				COPY_PHASE_STRIP = NO;
				DEBUG_INFORMATION_FORMAT = "dwarf-with-dsym";
				ENABLE_NS_ASSERTIONS = NO;
				ENABLE_STRICT_OBJC_MSGSEND = YES;
				GCC_C_LANGUAGE_STANDARD = gnu11;
				GCC_NO_COMMON_BLOCKS = YES;
				GCC_WARN_64_TO_32_BIT_CONVERSION = YES;
				GCC_WARN_ABOUT_RETURN_TYPE = YES_ERROR;
				GCC_WARN_UNDECLARED_SELECTOR = YES;
				GCC_WARN_UNINITIALIZED_AUTOS = YES_AGGRESSIVE;
				GCC_WARN_UNUSED_FUNCTION = YES;
				GCC_WARN_UNUSED_VARIABLE = YES;
				MACOSX_DEPLOYMENT_TARGET = 10.13;
				MTL_ENABLE_DEBUG_INFO = NO;
				SDKROOT = macosx;
				SWIFT_OPTIMIZATION_LEVEL = "-Owholemodule";
			};
			name = Release;
		};
		D458F8D92024160500D2BB6A /* Debug */ = {
			isa = XCBuildConfiguration;
			buildSettings = {
				ASSETCATALOG_COMPILER_APPICON_NAME = AppIcon;
				CODE_SIGN_ENTITLEMENTS = Experiment/Experiment.entitlements;
				CODE_SIGN_STYLE = Automatic;
				COMBINE_HIDPI_IMAGES = YES;
				INFOPLIST_FILE = Experiment/Info.plist;
				LD_RUNPATH_SEARCH_PATHS = "$(inherited) @executable_path/../Frameworks";
				PRODUCT_BUNDLE_IDENTIFIER = DigitalNZ.Experiment;
				PRODUCT_NAME = "$(TARGET_NAME)";
				SWIFT_VERSION = 4.0;
			};
			name = Debug;
		};
		D458F8DA2024160500D2BB6A /* Release */ = {
			isa = XCBuildConfiguration;
			buildSettings = {
				ASSETCATALOG_COMPILER_APPICON_NAME = AppIcon;
				CODE_SIGN_ENTITLEMENTS = Experiment/Experiment.entitlements;
				CODE_SIGN_STYLE = Automatic;
				COMBINE_HIDPI_IMAGES = YES;
				INFOPLIST_FILE = Experiment/Info.plist;
				LD_RUNPATH_SEARCH_PATHS = "$(inherited) @executable_path/../Frameworks";
				PRODUCT_BUNDLE_IDENTIFIER = DigitalNZ.Experiment;
				PRODUCT_NAME = "$(TARGET_NAME)";
				SWIFT_VERSION = 4.0;
			};
			name = Release;
		};
		D458F8DC2024160500D2BB6A /* Debug */ = {
			isa = XCBuildConfiguration;
			buildSettings = {
				ALWAYS_EMBED_SWIFT_STANDARD_LIBRARIES = YES;
				BUNDLE_LOADER = "$(TEST_HOST)";
				CODE_SIGN_STYLE = Automatic;
				COMBINE_HIDPI_IMAGES = YES;
				INFOPLIST_FILE = ExperimentTests/Info.plist;
				LD_RUNPATH_SEARCH_PATHS = "$(inherited) @executable_path/../Frameworks @loader_path/../Frameworks";
				PRODUCT_BUNDLE_IDENTIFIER = DigitalNZ.ExperimentTests;
				PRODUCT_NAME = "$(TARGET_NAME)";
				SWIFT_VERSION = 4.0;
				TEST_HOST = "$(BUILT_PRODUCTS_DIR)/Experiment.app/Contents/MacOS/Experiment";
			};
			name = Debug;
		};
		D458F8DD2024160500D2BB6A /* Release */ = {
			isa = XCBuildConfiguration;
			buildSettings = {
				ALWAYS_EMBED_SWIFT_STANDARD_LIBRARIES = YES;
				BUNDLE_LOADER = "$(TEST_HOST)";
				CODE_SIGN_STYLE = Automatic;
				COMBINE_HIDPI_IMAGES = YES;
				INFOPLIST_FILE = ExperimentTests/Info.plist;
				LD_RUNPATH_SEARCH_PATHS = "$(inherited) @executable_path/../Frameworks @loader_path/../Frameworks";
				PRODUCT_BUNDLE_IDENTIFIER = DigitalNZ.ExperimentTests;
				PRODUCT_NAME = "$(TARGET_NAME)";
				SWIFT_VERSION = 4.0;
				TEST_HOST = "$(BUILT_PRODUCTS_DIR)/Experiment.app/Contents/MacOS/Experiment";
			};
			name = Release;
		};
		D458F8DF2024160500D2BB6A /* Debug */ = {
			isa = XCBuildConfiguration;
			buildSettings = {
				ALWAYS_EMBED_SWIFT_STANDARD_LIBRARIES = YES;
				CODE_SIGN_STYLE = Automatic;
				COMBINE_HIDPI_IMAGES = YES;
				INFOPLIST_FILE = ExperimentUITests/Info.plist;
				LD_RUNPATH_SEARCH_PATHS = "$(inherited) @executable_path/../Frameworks @loader_path/../Frameworks";
				PRODUCT_BUNDLE_IDENTIFIER = DigitalNZ.ExperimentUITests;
				PRODUCT_NAME = "$(TARGET_NAME)";
				SWIFT_VERSION = 4.0;
				TEST_TARGET_NAME = Experiment;
			};
			name = Debug;
		};
		D458F8E02024160500D2BB6A /* Release */ = {
			isa = XCBuildConfiguration;
			buildSettings = {
				ALWAYS_EMBED_SWIFT_STANDARD_LIBRARIES = YES;
				CODE_SIGN_STYLE = Automatic;
				COMBINE_HIDPI_IMAGES = YES;
				INFOPLIST_FILE = ExperimentUITests/Info.plist;
				LD_RUNPATH_SEARCH_PATHS = "$(inherited) @executable_path/../Frameworks @loader_path/../Frameworks";
				PRODUCT_BUNDLE_IDENTIFIER = DigitalNZ.ExperimentUITests;
				PRODUCT_NAME = "$(TARGET_NAME)";
				SWIFT_VERSION = 4.0;
				TEST_TARGET_NAME = Experiment;
			};
			name = Release;
		};
/* End XCBuildConfiguration section */

/* Begin XCConfigurationList section */
		D458F8A72024160500D2BB6A /* Build configuration list for PBXProject "Experiment" */ = {
			isa = XCConfigurationList;
			buildConfigurations = (
				D458F8D62024160500D2BB6A /* Debug */,
				D458F8D72024160500D2BB6A /* Release */,
			);
			defaultConfigurationIsVisible = 0;
			defaultConfigurationName = Release;
		};
		D458F8D82024160500D2BB6A /* Build configuration list for PBXNativeTarget "Experiment" */ = {
			isa = XCConfigurationList;
			buildConfigurations = (
				D458F8D92024160500D2BB6A /* Debug */,
				D458F8DA2024160500D2BB6A /* Release */,
			);
			defaultConfigurationIsVisible = 0;
			defaultConfigurationName = Release;
		};
		D458F8DB2024160500D2BB6A /* Build configuration list for PBXNativeTarget "ExperimentTests" */ = {
			isa = XCConfigurationList;
			buildConfigurations = (
				D458F8DC2024160500D2BB6A /* Debug */,
				D458F8DD2024160500D2BB6A /* Release */,
			);
			defaultConfigurationIsVisible = 0;
			defaultConfigurationName = Release;
		};
		D458F8DE2024160500D2BB6A /* Build configuration list for PBXNativeTarget "ExperimentUITests" */ = {
			isa = XCConfigurationList;
			buildConfigurations = (
				D458F8DF2024160500D2BB6A /* Debug */,
				D458F8E02024160500D2BB6A /* Release */,
			);
			defaultConfigurationIsVisible = 0;
			defaultConfigurationName = Release;
		};
/* End XCConfigurationList section */
	};
	rootObject = D458F8A42024160500D2BB6A /* Project object */;
}
